
Microsoft Visual Studio Solution File, Format Version 12.00
Project("{2150E333-8FDC-42A3-9474-1A3956D46DE8}") = "backend", "backend", "{2C0754E1-E32F-4F26-B6B4-21DC43B5D228}"
EndProject
Project("{2150E333-8FDC-42A3-9474-1A3956D46DE8}") = "frontend", "frontend", "{AF822571-659E-4B3C-A1CD-4E7CA7CBA35A}"
EndProject
Project("{2150E333-8FDC-42A3-9474-1A3956D46DE8}") = "Core", "Core", "{AA590BC4-4C13-4BDA-8CF1-9B474ED19367}"
EndProject
Project("{2150E333-8FDC-42A3-9474-1A3956D46DE8}") = "Presentation", "Presentation", "{93444061-EA8B-4919-842D-5647ADF8E055}"
EndProject
Project("{2150E333-8FDC-42A3-9474-1A3956D46DE8}") = "Infrastructure", "Infrastructure", "{DDB06534-01CB-4C24-88F5-6E739BE4FE8E}"
EndProject
Project("{FAE04EC0-301F-11D3-BF4B-00C04F79EFBC}") = "WebApi", "WebApi\WebApi.csproj", "{7736ABDE-39B3-459E-B25D-4C52BCE648DA}"
EndProject
Project("{FAE04EC0-301F-11D3-BF4B-00C04F79EFBC}") = "DataAccess", "DataAccess\DataAccess.csproj", "{2417C91E-A8AA-479A-8114-2EF1F50EBE1E}"
EndProject
Project("{FAE04EC0-301F-11D3-BF4B-00C04F79EFBC}") = "Core", "Core\Core.csproj", "{B03BCC0A-51CB-4B71-A95D-65671830E0BE}"
EndProject
Project("{FAE04EC0-301F-11D3-BF4B-00C04F79EFBC}") = "Domain", "Domain\Domain.csproj", "{EB5A8198-0CA3-48E3-9033-6FEDA0DD3E0E}"
EndProject
Global
	GlobalSection(SolutionConfigurationPlatforms) = preSolution
		Debug|Any CPU = Debug|Any CPU
		Release|Any CPU = Release|Any CPU
	EndGlobalSection
	GlobalSection(NestedProjects) = preSolution
		{AA590BC4-4C13-4BDA-8CF1-9B474ED19367} = {2C0754E1-E32F-4F26-B6B4-21DC43B5D228}
		{93444061-EA8B-4919-842D-5647ADF8E055} = {2C0754E1-E32F-4F26-B6B4-21DC43B5D228}
		{DDB06534-01CB-4C24-88F5-6E739BE4FE8E} = {2C0754E1-E32F-4F26-B6B4-21DC43B5D228}
		{7736ABDE-39B3-459E-B25D-4C52BCE648DA} = {93444061-EA8B-4919-842D-5647ADF8E055}
		{2417C91E-A8AA-479A-8114-2EF1F50EBE1E} = {DDB06534-01CB-4C24-88F5-6E739BE4FE8E}
		{B03BCC0A-51CB-4B71-A95D-65671830E0BE} = {AA590BC4-4C13-4BDA-8CF1-9B474ED19367}
		{EB5A8198-0CA3-48E3-9033-6FEDA0DD3E0E} = {AA590BC4-4C13-4BDA-8CF1-9B474ED19367}
	EndGlobalSection
	GlobalSection(ProjectConfigurationPlatforms) = postSolution
		{7736ABDE-39B3-459E-B25D-4C52BCE648DA}.Debug|Any CPU.ActiveCfg = Debug|Any CPU
		{7736ABDE-39B3-459E-B25D-4C52BCE648DA}.Debug|Any CPU.Build.0 = Debug|Any CPU
		{7736ABDE-39B3-459E-B25D-4C52BCE648DA}.Release|Any CPU.ActiveCfg = Release|Any CPU
		{7736ABDE-39B3-459E-B25D-4C52BCE648DA}.Release|Any CPU.Build.0 = Release|Any CPU
		{2417C91E-A8AA-479A-8114-2EF1F50EBE1E}.Debug|Any CPU.ActiveCfg = Debug|Any CPU
		{2417C91E-A8AA-479A-8114-2EF1F50EBE1E}.Debug|Any CPU.Build.0 = Debug|Any CPU
		{2417C91E-A8AA-479A-8114-2EF1F50EBE1E}.Release|Any CPU.ActiveCfg = Release|Any CPU
		{2417C91E-A8AA-479A-8114-2EF1F50EBE1E}.Release|Any CPU.Build.0 = Release|Any CPU
		{B03BCC0A-51CB-4B71-A95D-65671830E0BE}.Debug|Any CPU.ActiveCfg = Debug|Any CPU
		{B03BCC0A-51CB-4B71-A95D-65671830E0BE}.Debug|Any CPU.Build.0 = Debug|Any CPU
		{B03BCC0A-51CB-4B71-A95D-65671830E0BE}.Release|Any CPU.ActiveCfg = Release|Any CPU
		{B03BCC0A-51CB-4B71-A95D-65671830E0BE}.Release|Any CPU.Build.0 = Release|Any CPU
		{EB5A8198-0CA3-48E3-9033-6FEDA0DD3E0E}.Debug|Any CPU.ActiveCfg = Debug|Any CPU
		{EB5A8198-0CA3-48E3-9033-6FEDA0DD3E0E}.Debug|Any CPU.Build.0 = Debug|Any CPU
		{EB5A8198-0CA3-48E3-9033-6FEDA0DD3E0E}.Release|Any CPU.ActiveCfg = Release|Any CPU
		{EB5A8198-0CA3-48E3-9033-6FEDA0DD3E0E}.Release|Any CPU.Build.0 = Release|Any CPU
	EndGlobalSection
EndGlobal
